
Microsoft Visual Studio Solution File, Format Version 12.00
# Visual Studio Version 17
VisualStudioVersion = 17.3.32819.101
MinimumVisualStudioVersion = 10.0.40219.1
Project("{9A19103F-16F7-4668-BE54-9A1E7A4F7556}") = "ConsultaNotas.API", "ConsultaNotas.API.csproj", "{BDF0FFBA-D67F-46BD-B30C-39D8FE03F099}"
	ProjectSection(ProjectDependencies) = postProject
		{D9E99CD4-F54D-4104-87D3-17545D274A80} = {D9E99CD4-F54D-4104-87D3-17545D274A80}
		{EC7EC154-3CE2-40B4-A7BE-C17EBA73E3B2} = {EC7EC154-3CE2-40B4-A7BE-C17EBA73E3B2}
	EndProjectSection
EndProject
Project("{9A19103F-16F7-4668-BE54-9A1E7A4F7556}") = "ConsultaNotas.Application", "..\ConsultaNotas.Application\ConsultaNotas.Application.csproj", "{D9E99CD4-F54D-4104-87D3-17545D274A80}"
	ProjectSection(ProjectDependencies) = postProject
		{5E1008B4-8E71-42BF-B8C8-B0FE4D8A2F98} = {5E1008B4-8E71-42BF-B8C8-B0FE4D8A2F98}
	EndProjectSection
EndProject
Project("{9A19103F-16F7-4668-BE54-9A1E7A4F7556}") = "ConsultaNotas.Core", "..\ConsultaNotas.Core\ConsultaNotas.Core.csproj", "{EC7EC154-3CE2-40B4-A7BE-C17EBA73E3B2}"
EndProject
Project("{9A19103F-16F7-4668-BE54-9A1E7A4F7556}") = "ConsultaNotas.Infrastructure", "..\ConsultaNotas.Infrastructure\ConsultaNotas.Infrastructure.csproj", "{5E1008B4-8E71-42BF-B8C8-B0FE4D8A2F98}"
EndProject
Global
	GlobalSection(SolutionConfigurationPlatforms) = preSolution
		Debug|Any CPU = Debug|Any CPU
		Release|Any CPU = Release|Any CPU
	EndGlobalSection
	GlobalSection(ProjectConfigurationPlatforms) = postSolution
		{BDF0FFBA-D67F-46BD-B30C-39D8FE03F099}.Debug|Any CPU.ActiveCfg = Debug|Any CPU
		{BDF0FFBA-D67F-46BD-B30C-39D8FE03F099}.Debug|Any CPU.Build.0 = Debug|Any CPU
		{BDF0FFBA-D67F-46BD-B30C-39D8FE03F099}.Release|Any CPU.ActiveCfg = Release|Any CPU
		{BDF0FFBA-D67F-46BD-B30C-39D8FE03F099}.Release|Any CPU.Build.0 = Release|Any CPU
		{D9E99CD4-F54D-4104-87D3-17545D274A80}.Debug|Any CPU.ActiveCfg = Debug|Any CPU
		{D9E99CD4-F54D-4104-87D3-17545D274A80}.Debug|Any CPU.Build.0 = Debug|Any CPU
		{D9E99CD4-F54D-4104-87D3-17545D274A80}.Release|Any CPU.ActiveCfg = Release|Any CPU
		{D9E99CD4-F54D-4104-87D3-17545D274A80}.Release|Any CPU.Build.0 = Release|Any CPU
		{EC7EC154-3CE2-40B4-A7BE-C17EBA73E3B2}.Debug|Any CPU.ActiveCfg = Debug|Any CPU
		{EC7EC154-3CE2-40B4-A7BE-C17EBA73E3B2}.Debug|Any CPU.Build.0 = Debug|Any CPU
		{EC7EC154-3CE2-40B4-A7BE-C17EBA73E3B2}.Release|Any CPU.ActiveCfg = Release|Any CPU
		{EC7EC154-3CE2-40B4-A7BE-C17EBA73E3B2}.Release|Any CPU.Build.0 = Release|Any CPU
		{5E1008B4-8E71-42BF-B8C8-B0FE4D8A2F98}.Debug|Any CPU.ActiveCfg = Debug|Any CPU
		{5E1008B4-8E71-42BF-B8C8-B0FE4D8A2F98}.Debug|Any CPU.Build.0 = Debug|Any CPU
		{5E1008B4-8E71-42BF-B8C8-B0FE4D8A2F98}.Release|Any CPU.ActiveCfg = Release|Any CPU
		{5E1008B4-8E71-42BF-B8C8-B0FE4D8A2F98}.Release|Any CPU.Build.0 = Release|Any CPU
	EndGlobalSection
	GlobalSection(SolutionProperties) = preSolution
		HideSolutionNode = FALSE
	EndGlobalSection
	GlobalSection(ExtensibilityGlobals) = postSolution
		SolutionGuid = {16C451F7-6225-4AB3-91CE-03A9DF719D04}
	EndGlobalSection
EndGlobal
